Microsoft Visual Studio Solution File, Format Version 11.00
# Visual Studio 2008

Project("{78F082C2-E638-67CC-EE30-78A2DD7D25C1}") = "IceGame", "Assembly-CSharp-firstpass.csproj", "{8138C40A-65F7-0655-C98B-D259BBDC6D04}"
EndProject
Project("{78F082C2-E638-67CC-EE30-78A2DD7D25C1}") = "IceGame", "Assembly-CSharp.csproj", "{C95CD624-FFB8-0362-E51E-687D05462B58}"
EndProject
Project("{78F082C2-E638-67CC-EE30-78A2DD7D25C1}") = "IceGame", "Assembly-CSharp-Editor.csproj", "{74776D74-42F2-756A-FF8C-F2E86FB210CB}"
EndProject
Global
	GlobalSection(SolutionConfigurationPlatforms) = preSolution
		Debug|Any CPU = Debug|Any CPU
		Release|Any CPU = Release|Any CPU
	EndGlobalSection
	GlobalSection(ProjectConfigurationPlatforms) = postSolution
		{8138C40A-65F7-0655-C98B-D259BBDC6D04}.Debug|Any CPU.ActiveCfg = Debug|Any CPU
		{8138C40A-65F7-0655-C98B-D259BBDC6D04}.Debug|Any CPU.Build.0 = Debug|Any CPU
		{8138C40A-65F7-0655-C98B-D259BBDC6D04}.Release|Any CPU.ActiveCfg = Release|Any CPU
		{8138C40A-65F7-0655-C98B-D259BBDC6D04}.Release|Any CPU.Build.0 = Release|Any CPU
		{C95CD624-FFB8-0362-E51E-687D05462B58}.Debug|Any CPU.ActiveCfg = Debug|Any CPU
		{C95CD624-FFB8-0362-E51E-687D05462B58}.Debug|Any CPU.Build.0 = Debug|Any CPU
		{C95CD624-FFB8-0362-E51E-687D05462B58}.Release|Any CPU.ActiveCfg = Release|Any CPU
		{C95CD624-FFB8-0362-E51E-687D05462B58}.Release|Any CPU.Build.0 = Release|Any CPU
		{74776D74-42F2-756A-FF8C-F2E86FB210CB}.Debug|Any CPU.ActiveCfg = Debug|Any CPU
		{74776D74-42F2-756A-FF8C-F2E86FB210CB}.Debug|Any CPU.Build.0 = Debug|Any CPU
		{74776D74-42F2-756A-FF8C-F2E86FB210CB}.Release|Any CPU.ActiveCfg = Release|Any CPU
		{74776D74-42F2-756A-FF8C-F2E86FB210CB}.Release|Any CPU.Build.0 = Release|Any CPU
	EndGlobalSection
	GlobalSection(SolutionProperties) = preSolution
		HideSolutionNode = FALSE
	EndGlobalSection
																																																																																																																																																									GlobalSection(MonoDevelopProperties) = preSolution
		StartupItem = Assembly-CSharp.csproj
		Policies = $0
		$0.TextStylePolicy = $1
		$1.inheritsSet = null
		$1.scope = text/x-csharp
		$0.CSharpFormattingPolicy = $2
		$2.inheritsSet = Mono
		$2.inheritsScope = text/x-csharp
		$2.scope = text/x-csharp
		$0.TextStylePolicy = $3
		$3.FileWidth = 120
		$3.TabWidth = 4
		$3.IndentWidth = 4
		$3.EolMarker = Unix
		$3.inheritsSet = Mono
		$3.inheritsScope = text/plain
		$3.scope = text/plain
	EndGlobalSection

EndGlobal
